
Microsoft Visual Studio Solution File, Format Version 12.00
# Visual Studio Version 16
VisualStudioVersion = 16.0.29926.136
MinimumVisualStudioVersion = 10.0.40219.1
Project("{FAE04EC0-301F-11D3-BF4B-00C04F79EFBC}") = "Mileage", "Mileage\Mileage.csproj", "{E21E20DC-F07E-4061-89DC-515E801E948A}"
EndProject
Global
	GlobalSection(SolutionConfigurationPlatforms) = preSolution
		Debug|Any CPU = Debug|Any CPU
		Release|Any CPU = Release|Any CPU
	EndGlobalSection
	GlobalSection(ProjectConfigurationPlatforms) = postSolution
		{E21E20DC-F07E-4061-89DC-515E801E948A}.Debug|Any CPU.ActiveCfg = Debug|Any CPU
		{E21E20DC-F07E-4061-89DC-515E801E948A}.Debug|Any CPU.Build.0 = Debug|Any CPU
		{E21E20DC-F07E-4061-89DC-515E801E948A}.Release|Any CPU.ActiveCfg = Release|Any CPU
		{E21E20DC-F07E-4061-89DC-515E801E948A}.Release|Any CPU.Build.0 = Release|Any CPU
	EndGlobalSection
	GlobalSection(SolutionProperties) = preSolution
		HideSolutionNode = FALSE
	EndGlobalSection
	GlobalSection(ExtensibilityGlobals) = postSolution
		SolutionGuid = {4A7F2B74-5173-4B0A-8630-F397F05EED95}
	EndGlobalSection
EndGlobal
